{
  "name": "lukas-latam-monorepo",
  "version": "0.1.0",
  "lockfileVersion": 3,
  "requires": true,
  "packages": {
    "": {
      "name": "lukas-latam-monorepo",
      "version": "0.1.0",
      "workspaces": [
        "apps/web"
      ]
    },
    "apps/web": {
      "version": "0.1.0",
      "dependencies": {
        "next": "^14.2.0",
        "react": "^18.3.1",
        "react-dom": "^18.3.1",
        "three": "^0.160.0"
      },
      "devDependencies": {
        "@types/node": "^20",
        "@types/react": "^18",
        "@types/react-dom": "^18",
        "@types/three": "^0.160.0",
        "autoprefixer": "^10.4.19",
        "postcss": "^8.4.38",
        "tailwindcss": "^3.4.3",
        "typescript": "^5"
      }
    },
    "apps/web/node_modules/@types/node": {
      "dev": true
    },
    "apps/web/node_modules/@types/react": {
      "dev": true
    },
    "apps/web/node_modules/@types/react-dom": {
      "dev": true
    },
    "apps/web/node_modules/@types/three": {
      "dev": true
    },
    "apps/web/node_modules/autoprefixer": {
      "dev": true
    },
    "apps/web/node_modules/next": {},
    "apps/web/node_modules/postcss": {
      "dev": true
    },
    "apps/web/node_modules/react": {},
    "apps/web/node_modules/react-dom": {},
    "apps/web/node_modules/tailwindcss": {
      "dev": true
    },
    "apps/web/node_modules/three": {},
    "apps/web/node_modules/typescript": {
      "dev": true
    },
    "node_modules/web": {
      "resolved": "apps/web",
      "link": true
    }
  }
}
